PODS:
  - LetsMove (1.25)
  - Sparkle (1.26.0)

DEPENDENCIES:
  - LetsMove
  - Sparkle

SPEC REPOS:
  https://github.com/CocoaPods/Specs.git:
    - LetsMove
    - Sparkle

SPEC CHECKSUMS:
  LetsMove: 7b9fe44737707d984fbd3f47af46609a9a07b461
  Sparkle: d56d028f4b0c123577825f5d1004f6140d77f90e

PODFILE CHECKSUM: 1c701779291f52641bcd91a3d28e2079fae7543a

COCOAPODS: 1.10.0
