// !$*UTF8*$!
{
	archiveVersion = 1;
	classes = {
	};
	objectVersion = 51;
	objects = {

/* Begin PBXBuildFile section */
		2A0710C5231145CE00258F09 /* de.bashstrings in Copy Bash Strings */ = {isa = PBXBuildFile; fileRef = 2A0710C02311459D00258F09 /* de.bashstrings */; };
		2A0710C6231145CE00258F09 /* en.bashstrings in Copy Bash Strings */ = {isa = PBXBuildFile; fileRef = 2A0710C12311459D00258F09 /* en.bashstrings */; };
		2A30A808230BDB8300F572ED /* nVidiaWebdriver.swift in Sources */ = {isa = PBXBuildFile; fileRef = 2A30A807230BDB8300F572ED /* nVidiaWebdriver.swift */; };
		2A30A82F230BF8FF00F572ED /* report.html in HTML Copy */ = {isa = PBXBuildFile; fileRef = 2A30A82C230BF85400F572ED /* report.html */; };
		2A30A832230BF92700F572ED /* 10.11+12DirektHW.kext in Kextx Copy */ = {isa = PBXBuildFile; fileRef = 2A30A821230BF84500F572ED /* 10.11+12DirektHW.kext */; settings = {ATTRIBUTES = (RemoveHeadersOnCopy, ); }; };
		2A30A833230BF92700F572ED /* 10.13DirektHW.kext in Kextx Copy */ = {isa = PBXBuildFile; fileRef = 2A30A822230BF84500F572ED /* 10.13DirektHW.kext */; settings = {ATTRIBUTES = (RemoveHeadersOnCopy, ); }; };
		2A30A834230BF92800F572ED /* 10.14DirektHW.kext in Kextx Copy */ = {isa = PBXBuildFile; fileRef = 2A30A823230BF84500F572ED /* 10.14DirektHW.kext */; settings = {ATTRIBUTES = (RemoveHeadersOnCopy, ); }; };
		2A30A835230BF92800F572ED /* 10.10DirektHW.kext in Kextx Copy */ = {isa = PBXBuildFile; fileRef = 2A30A824230BF84500F572ED /* 10.10DirektHW.kext */; settings = {ATTRIBUTES = (RemoveHeadersOnCopy, ); }; };
		2A30A837230BF94A00F572ED /* locked.png in Pics Copy */ = {isa = PBXBuildFile; fileRef = 2A30A81B230BF83800F572ED /* locked.png */; };
		2A30A838230BF94A00F572ED /* admin.png in Pics Copy */ = {isa = PBXBuildFile; fileRef = 2A30A81C230BF83800F572ED /* admin.png */; };
		2A30A83A230BF96400F572ED /* passok.aif in Sounds Copy */ = {isa = PBXBuildFile; fileRef = 2A30A80A230BF81F00F572ED /* passok.aif */; };
		2A30A83B230BF96400F572ED /* quadra.mp3 in Sounds Copy */ = {isa = PBXBuildFile; fileRef = 2A30A80B230BF81F00F572ED /* quadra.mp3 */; };
		2A30A83C230BF96400F572ED /* done.mp3 in Sounds Copy */ = {isa = PBXBuildFile; fileRef = 2A30A80C230BF81F00F572ED /* done.mp3 */; };
		2A30A83D230BF96400F572ED /* pm52.mp3 in Sounds Copy */ = {isa = PBXBuildFile; fileRef = 2A30A80D230BF81F00F572ED /* pm52.mp3 */; };
		2A30A83E230BF96400F572ED /* quadradeath.mp3 in Sounds Copy */ = {isa = PBXBuildFile; fileRef = 2A30A80E230BF81F00F572ED /* quadradeath.mp3 */; };
		2A30A83F230BF96400F572ED /* error.aif in Sounds Copy */ = {isa = PBXBuildFile; fileRef = 2A30A80F230BF81F00F572ED /* error.aif */; };
		2A30A840230BF96400F572ED /* mq.mp3 in Sounds Copy */ = {isa = PBXBuildFile; fileRef = 2A30A810230BF81F00F572ED /* mq.mp3 */; };
		2A30A841230BF96400F572ED /* ta.mp3 in Sounds Copy */ = {isa = PBXBuildFile; fileRef = 2A30A811230BF81F00F572ED /* ta.mp3 */; };
		2A30A849230C064400F572ED /* Bootloader.swift in Sources */ = {isa = PBXBuildFile; fileRef = 2A30A848230C064400F572ED /* Bootloader.swift */; };
		2A30A84B230C1D9E00F572ED /* Preferences.swift in Sources */ = {isa = PBXBuildFile; fileRef = 2A30A84A230C1D9E00F572ED /* Preferences.swift */; };
		2A30A855230D6F7500F572ED /* IO80211Family.kext in Kexts Copy IO */ = {isa = PBXBuildFile; fileRef = 2A30A825230BF84500F572ED /* IO80211Family.kext */; settings = {ATTRIBUTES = (RemoveHeadersOnCopy, ); }; };
		2A30A857230E773D00F572ED /* Website.swift in Sources */ = {isa = PBXBuildFile; fileRef = 2A30A856230E773D00F572ED /* Website.swift */; };
		2A4AF15B2312A3AE00EDB9E4 /* progressanim.png in Anim Copy */ = {isa = PBXBuildFile; fileRef = 2A4AF1582312A39200EDB9E4 /* progressanim.png */; };
		2A4AF15E2312A92800EDB9E4 /* progressanim-dark.png in Anim Copy */ = {isa = PBXBuildFile; fileRef = 2A4AF15C2312A52300EDB9E4 /* progressanim-dark.png */; };
		2A4AF15F2312A94300EDB9E4 /* Main.storyboard in Resources */ = {isa = PBXBuildFile; fileRef = 2AD86C592306B95400D2334A /* Main.storyboard */; };
		2A4AF16D2314687F00EDB9E4 /* KUMenuBar.app in Resources */ = {isa = PBXBuildFile; fileRef = 2A4AF16C2314687F00EDB9E4 /* KUMenuBar.app */; };
		2A90208E230FCB60009E8D3D /* KUDaemon.app in Bin Copy */ = {isa = PBXBuildFile; fileRef = 2A90208C230FCB4A009E8D3D /* KUDaemon.app */; settings = {ATTRIBUTES = (RemoveHeadersOnCopy, ); }; };
		2ABA236B230EFAD9008D98C6 /* Changelog.swift in Sources */ = {isa = PBXBuildFile; fileRef = 2ABA236A230EFAD9008D98C6 /* Changelog.swift */; };
		2AC197AB230A8D720071932C /* KextUpdater.swift in Sources */ = {isa = PBXBuildFile; fileRef = 2AC197AA230A8D720071932C /* KextUpdater.swift */; };
		2AC197AD230A9C920071932C /* SingleKexts.swift in Sources */ = {isa = PBXBuildFile; fileRef = 2AC197AC230A9C920071932C /* SingleKexts.swift */; };
		2AC197B2230A9E0F0071932C /* script.command in Script Copy */ = {isa = PBXBuildFile; fileRef = 2AC197AF230A9DBB0071932C /* script.command */; };
		2AC197C2230AC34D0071932C /* alerter in Bin Copy */ = {isa = PBXBuildFile; fileRef = 2AC197B7230AC30C0071932C /* alerter */; };
		2AC197C3230AC34D0071932C /* PlistBuddy in Bin Copy */ = {isa = PBXBuildFile; fileRef = 2AC197B8230AC30C0071932C /* PlistBuddy */; };
		2AC197C4230AC34D0071932C /* BDMESG in Bin Copy */ = {isa = PBXBuildFile; fileRef = 2AC197B9230AC30C0071932C /* BDMESG */; };
		2AC197C7230AC3790071932C /* lspci in Bin LSPCI Copy */ = {isa = PBXBuildFile; fileRef = 2AC197B5230AC30C0071932C /* lspci */; };
		2AC197C8230AC3790071932C /* pci.ids in Bin LSPCI Copy */ = {isa = PBXBuildFile; fileRef = 2AC197B6230AC30C0071932C /* pci.ids */; };
		2AC197CC230AE1820071932C /* DiskInformation.swift in Sources */ = {isa = PBXBuildFile; fileRef = 2AC197CB230AE1820071932C /* DiskInformation.swift */; };
		2AD86C542306B95200D2334A /* AppDelegate.swift in Sources */ = {isa = PBXBuildFile; fileRef = 2AD86C532306B95200D2334A /* AppDelegate.swift */; };
		2AD86C562306B95200D2334A /* ViewController.swift in Sources */ = {isa = PBXBuildFile; fileRef = 2AD86C552306B95200D2334A /* ViewController.swift */; };
		2AD86C582306B95400D2334A /* Assets.xcassets in Resources */ = {isa = PBXBuildFile; fileRef = 2AD86C572306B95400D2334A /* Assets.xcassets */; };
		2AF4AADD230B025000648E48 /* PasswordWindow.swift in Sources */ = {isa = PBXBuildFile; fileRef = 2AF4AADC230B025000648E48 /* PasswordWindow.swift */; };
		2AF4AADF230C4DF300648E48 /* Tools.swift in Sources */ = {isa = PBXBuildFile; fileRef = 2AF4AADE230C4DF300648E48 /* Tools.swift */; };
		BA8B3A01B90C8BB3DD0A8BA7 /* Pods_Kext_Updater.framework in Frameworks */ = {isa = PBXBuildFile; fileRef = 0C5D5D937C85C2B691139CC4 /* Pods_Kext_Updater.framework */; };
/* End PBXBuildFile section */

/* Begin PBXCopyFilesBuildPhase section */
		2A0710C4231145B100258F09 /* Copy Bash Strings */ = {
			isa = PBXCopyFilesBuildPhase;
			buildActionMask = 2147483647;
			dstPath = bashstrings;
			dstSubfolderSpec = 7;
			files = (
				2A0710C5231145CE00258F09 /* de.bashstrings in Copy Bash Strings */,
				2A0710C6231145CE00258F09 /* en.bashstrings in Copy Bash Strings */,
			);
			name = "Copy Bash Strings";
			runOnlyForDeploymentPostprocessing = 0;
		};
		2A30A82E230BF8EE00F572ED /* HTML Copy */ = {
			isa = PBXCopyFilesBuildPhase;
			buildActionMask = 2147483647;
			dstPath = html;
			dstSubfolderSpec = 7;
			files = (
				2A30A82F230BF8FF00F572ED /* report.html in HTML Copy */,
			);
			name = "HTML Copy";
			runOnlyForDeploymentPostprocessing = 0;
		};
		2A30A830230BF90600F572ED /* Kextx Copy */ = {
			isa = PBXCopyFilesBuildPhase;
			buildActionMask = 2147483647;
			dstPath = kexts/lspci;
			dstSubfolderSpec = 7;
			files = (
				2A30A832230BF92700F572ED /* 10.11+12DirektHW.kext in Kextx Copy */,
				2A30A833230BF92700F572ED /* 10.13DirektHW.kext in Kextx Copy */,
				2A30A834230BF92800F572ED /* 10.14DirektHW.kext in Kextx Copy */,
				2A30A835230BF92800F572ED /* 10.10DirektHW.kext in Kextx Copy */,
			);
			name = "Kextx Copy";
			runOnlyForDeploymentPostprocessing = 0;
		};
		2A30A836230BF93300F572ED /* Pics Copy */ = {
			isa = PBXCopyFilesBuildPhase;
			buildActionMask = 2147483647;
			dstPath = pics;
			dstSubfolderSpec = 7;
			files = (
				2A30A837230BF94A00F572ED /* locked.png in Pics Copy */,
				2A30A838230BF94A00F572ED /* admin.png in Pics Copy */,
			);
			name = "Pics Copy";
			runOnlyForDeploymentPostprocessing = 0;
		};
		2A30A839230BF95200F572ED /* Sounds Copy */ = {
			isa = PBXCopyFilesBuildPhase;
			buildActionMask = 2147483647;
			dstPath = sounds;
			dstSubfolderSpec = 7;
			files = (
				2A30A83A230BF96400F572ED /* passok.aif in Sounds Copy */,
				2A30A83B230BF96400F572ED /* quadra.mp3 in Sounds Copy */,
				2A30A83C230BF96400F572ED /* done.mp3 in Sounds Copy */,
				2A30A83D230BF96400F572ED /* pm52.mp3 in Sounds Copy */,
				2A30A83E230BF96400F572ED /* quadradeath.mp3 in Sounds Copy */,
				2A30A83F230BF96400F572ED /* error.aif in Sounds Copy */,
				2A30A840230BF96400F572ED /* mq.mp3 in Sounds Copy */,
				2A30A841230BF96400F572ED /* ta.mp3 in Sounds Copy */,
			);
			name = "Sounds Copy";
			runOnlyForDeploymentPostprocessing = 0;
		};
		2A30A854230D6F5D00F572ED /* Kexts Copy IO */ = {
			isa = PBXCopyFilesBuildPhase;
			buildActionMask = 2147483647;
			dstPath = kexts;
			dstSubfolderSpec = 7;
			files = (
				2A30A855230D6F7500F572ED /* IO80211Family.kext in Kexts Copy IO */,
			);
			name = "Kexts Copy IO";
			runOnlyForDeploymentPostprocessing = 0;
		};
		2A4AF15A2312A39F00EDB9E4 /* Anim Copy */ = {
			isa = PBXCopyFilesBuildPhase;
			buildActionMask = 2147483647;
			dstPath = anim;
			dstSubfolderSpec = 7;
			files = (
				2A4AF15E2312A92800EDB9E4 /* progressanim-dark.png in Anim Copy */,
				2A4AF15B2312A3AE00EDB9E4 /* progressanim.png in Anim Copy */,
			);
			name = "Anim Copy";
			runOnlyForDeploymentPostprocessing = 0;
		};
		2AC197B1230A9DFD0071932C /* Script Copy */ = {
			isa = PBXCopyFilesBuildPhase;
			buildActionMask = 2147483647;
			dstPath = script;
			dstSubfolderSpec = 7;
			files = (
				2AC197B2230A9E0F0071932C /* script.command in Script Copy */,
			);
			name = "Script Copy";
			runOnlyForDeploymentPostprocessing = 0;
		};
		2AC197C1230AC3350071932C /* Bin Copy */ = {
			isa = PBXCopyFilesBuildPhase;
			buildActionMask = 2147483647;
			dstPath = bin;
			dstSubfolderSpec = 7;
			files = (
				2A90208E230FCB60009E8D3D /* KUDaemon.app in Bin Copy */,
				2AC197C2230AC34D0071932C /* alerter in Bin Copy */,
				2AC197C3230AC34D0071932C /* PlistBuddy in Bin Copy */,
				2AC197C4230AC34D0071932C /* BDMESG in Bin Copy */,
			);
			name = "Bin Copy";
			runOnlyForDeploymentPostprocessing = 0;
		};
		2AC197C6230AC35E0071932C /* Bin LSPCI Copy */ = {
			isa = PBXCopyFilesBuildPhase;
			buildActionMask = 2147483647;
			dstPath = bin/lspci;
			dstSubfolderSpec = 7;
			files = (
				2AC197C7230AC3790071932C /* lspci in Bin LSPCI Copy */,
				2AC197C8230AC3790071932C /* pci.ids in Bin LSPCI Copy */,
			);
			name = "Bin LSPCI Copy";
			runOnlyForDeploymentPostprocessing = 0;
		};
/* End PBXCopyFilesBuildPhase section */

/* Begin PBXFileReference section */
		0C5D5D937C85C2B691139CC4 /* Pods_Kext_Updater.framework */ = {isa = PBXFileReference; explicitFileType = wrapper.framework; includeInIndex = 0; path = Pods_Kext_Updater.framework; sourceTree = BUILT_PRODUCTS_DIR; };
		2A0710C02311459D00258F09 /* de.bashstrings */ = {isa = PBXFileReference; fileEncoding = 4; lastKnownFileType = text; path = de.bashstrings; sourceTree = "<group>"; };
		2A0710C12311459D00258F09 /* en.bashstrings */ = {isa = PBXFileReference; fileEncoding = 4; lastKnownFileType = text; path = en.bashstrings; sourceTree = "<group>"; };
		2A2D310F2311730000CC6F1A /* kextupdaterng.html */ = {isa = PBXFileReference; fileEncoding = 4; lastKnownFileType = text.html; path = kextupdaterng.html; sourceTree = "<group>"; };
		2A30A807230BDB8300F572ED /* nVidiaWebdriver.swift */ = {isa = PBXFileReference; lastKnownFileType = sourcecode.swift; path = nVidiaWebdriver.swift; sourceTree = "<group>"; };
		2A30A80A230BF81F00F572ED /* passok.aif */ = {isa = PBXFileReference; lastKnownFileType = file; path = passok.aif; sourceTree = "<group>"; };
		2A30A80B230BF81F00F572ED /* quadra.mp3 */ = {isa = PBXFileReference; lastKnownFileType = audio.mp3; path = quadra.mp3; sourceTree = "<group>"; };
		2A30A80C230BF81F00F572ED /* done.mp3 */ = {isa = PBXFileReference; lastKnownFileType = audio.mp3; path = done.mp3; sourceTree = "<group>"; };
		2A30A80D230BF81F00F572ED /* pm52.mp3 */ = {isa = PBXFileReference; lastKnownFileType = audio.mp3; path = pm52.mp3; sourceTree = "<group>"; };
		2A30A80E230BF81F00F572ED /* quadradeath.mp3 */ = {isa = PBXFileReference; lastKnownFileType = audio.mp3; path = quadradeath.mp3; sourceTree = "<group>"; };
		2A30A80F230BF81F00F572ED /* error.aif */ = {isa = PBXFileReference; lastKnownFileType = file; path = error.aif; sourceTree = "<group>"; };
		2A30A810230BF81F00F572ED /* mq.mp3 */ = {isa = PBXFileReference; lastKnownFileType = audio.mp3; path = mq.mp3; sourceTree = "<group>"; };
		2A30A811230BF81F00F572ED /* ta.mp3 */ = {isa = PBXFileReference; lastKnownFileType = audio.mp3; path = ta.mp3; sourceTree = "<group>"; };
		2A30A81B230BF83800F572ED /* locked.png */ = {isa = PBXFileReference; lastKnownFileType = image.png; path = locked.png; sourceTree = "<group>"; };
		2A30A81C230BF83800F572ED /* admin.png */ = {isa = PBXFileReference; lastKnownFileType = image.png; path = admin.png; sourceTree = "<group>"; };
		2A30A821230BF84500F572ED /* 10.11+12DirektHW.kext */ = {isa = PBXFileReference; lastKnownFileType = "wrapper.kernel-extension"; path = "10.11+12DirektHW.kext"; sourceTree = "<group>"; };
		2A30A822230BF84500F572ED /* 10.13DirektHW.kext */ = {isa = PBXFileReference; lastKnownFileType = "wrapper.kernel-extension"; path = 10.13DirektHW.kext; sourceTree = "<group>"; };
		2A30A823230BF84500F572ED /* 10.14DirektHW.kext */ = {isa = PBXFileReference; lastKnownFileType = "wrapper.kernel-extension"; path = 10.14DirektHW.kext; sourceTree = "<group>"; };
		2A30A824230BF84500F572ED /* 10.10DirektHW.kext */ = {isa = PBXFileReference; lastKnownFileType = "wrapper.kernel-extension"; path = 10.10DirektHW.kext; sourceTree = "<group>"; };
		2A30A825230BF84500F572ED /* IO80211Family.kext */ = {isa = PBXFileReference; lastKnownFileType = "wrapper.kernel-extension"; path = IO80211Family.kext; sourceTree = "<group>"; };
		2A30A82C230BF85400F572ED /* report.html */ = {isa = PBXFileReference; fileEncoding = 4; lastKnownFileType = text.html; path = report.html; sourceTree = "<group>"; };
		2A30A848230C064400F572ED /* Bootloader.swift */ = {isa = PBXFileReference; lastKnownFileType = sourcecode.swift; path = Bootloader.swift; sourceTree = "<group>"; };
		2A30A84A230C1D9E00F572ED /* Preferences.swift */ = {isa = PBXFileReference; lastKnownFileType = sourcecode.swift; path = Preferences.swift; sourceTree = "<group>"; };
		2A30A856230E773D00F572ED /* Website.swift */ = {isa = PBXFileReference; lastKnownFileType = sourcecode.swift; path = Website.swift; sourceTree = "<group>"; };
		2A4AF1582312A39200EDB9E4 /* progressanim.png */ = {isa = PBXFileReference; lastKnownFileType = image.png; path = progressanim.png; sourceTree = "<group>"; };
		2A4AF15C2312A52300EDB9E4 /* progressanim-dark.png */ = {isa = PBXFileReference; lastKnownFileType = image.png; path = "progressanim-dark.png"; sourceTree = "<group>"; };
		2A4AF16C2314687F00EDB9E4 /* KUMenuBar.app */ = {isa = PBXFileReference; lastKnownFileType = wrapper.application; path = KUMenuBar.app; sourceTree = "<group>"; };
		2A90208C230FCB4A009E8D3D /* KUDaemon.app */ = {isa = PBXFileReference; lastKnownFileType = wrapper.application; path = KUDaemon.app; sourceTree = "<group>"; };
		2A90208F230FCC2F009E8D3D /* Kext Updater.entitlements */ = {isa = PBXFileReference; lastKnownFileType = text.plist.entitlements; path = "Kext Updater.entitlements"; sourceTree = "<group>"; };
		2ABA236A230EFAD9008D98C6 /* Changelog.swift */ = {isa = PBXFileReference; fileEncoding = 4; lastKnownFileType = sourcecode.swift; path = Changelog.swift; sourceTree = "<group>"; };
		2AC197AA230A8D720071932C /* KextUpdater.swift */ = {isa = PBXFileReference; lastKnownFileType = sourcecode.swift; path = KextUpdater.swift; sourceTree = "<group>"; };
		2AC197AC230A9C920071932C /* SingleKexts.swift */ = {isa = PBXFileReference; lastKnownFileType = sourcecode.swift; path = SingleKexts.swift; sourceTree = "<group>"; };
		2AC197AF230A9DBB0071932C /* script.command */ = {isa = PBXFileReference; lastKnownFileType = text; path = script.command; sourceTree = "<group>"; };
		2AC197B5230AC30C0071932C /* lspci */ = {isa = PBXFileReference; lastKnownFileType = "compiled.mach-o.executable"; path = lspci; sourceTree = "<group>"; };
		2AC197B6230AC30C0071932C /* pci.ids */ = {isa = PBXFileReference; fileEncoding = 4; lastKnownFileType = text; path = pci.ids; sourceTree = "<group>"; };
		2AC197B7230AC30C0071932C /* alerter */ = {isa = PBXFileReference; lastKnownFileType = "compiled.mach-o.executable"; path = alerter; sourceTree = "<group>"; };
		2AC197B8230AC30C0071932C /* PlistBuddy */ = {isa = PBXFileReference; lastKnownFileType = "compiled.mach-o.executable"; path = PlistBuddy; sourceTree = "<group>"; };
		2AC197B9230AC30C0071932C /* BDMESG */ = {isa = PBXFileReference; lastKnownFileType = "compiled.mach-o.executable"; path = BDMESG; sourceTree = "<group>"; };
		2AC197CB230AE1820071932C /* DiskInformation.swift */ = {isa = PBXFileReference; lastKnownFileType = sourcecode.swift; path = DiskInformation.swift; sourceTree = "<group>"; };
		2AD86C502306B95200D2334A /* Kext Updater.app */ = {isa = PBXFileReference; explicitFileType = wrapper.application; includeInIndex = 0; path = "Kext Updater.app"; sourceTree = BUILT_PRODUCTS_DIR; };
		2AD86C532306B95200D2334A /* AppDelegate.swift */ = {isa = PBXFileReference; lastKnownFileType = sourcecode.swift; path = AppDelegate.swift; sourceTree = "<group>"; };
		2AD86C552306B95200D2334A /* ViewController.swift */ = {isa = PBXFileReference; lastKnownFileType = sourcecode.swift; path = ViewController.swift; sourceTree = "<group>"; };
		2AD86C572306B95400D2334A /* Assets.xcassets */ = {isa = PBXFileReference; lastKnownFileType = folder.assetcatalog; path = Assets.xcassets; sourceTree = "<group>"; };
		2AD86C5A2306B95400D2334A /* Base */ = {isa = PBXFileReference; lastKnownFileType = file.storyboard; name = Base; path = Base.lproj/Main.storyboard; sourceTree = "<group>"; };
		2AD86C5C2306B95400D2334A /* Info.plist */ = {isa = PBXFileReference; lastKnownFileType = text.plist.xml; path = Info.plist; sourceTree = "<group>"; };
		2AD86C5D2306B95400D2334A /* Kext_Updater.entitlements */ = {isa = PBXFileReference; lastKnownFileType = text.plist.entitlements; path = Kext_Updater.entitlements; sourceTree = "<group>"; };
		2AF4AADC230B025000648E48 /* PasswordWindow.swift */ = {isa = PBXFileReference; lastKnownFileType = sourcecode.swift; path = PasswordWindow.swift; sourceTree = "<group>"; };
		2AF4AADE230C4DF300648E48 /* Tools.swift */ = {isa = PBXFileReference; lastKnownFileType = sourcecode.swift; path = Tools.swift; sourceTree = "<group>"; };
		2AF4AAE1230DA60300648E48 /* en */ = {isa = PBXFileReference; lastKnownFileType = text.plist.strings; name = en; path = en.lproj/Main.strings; sourceTree = "<group>"; };
		2AF4AAE2230DA62C00648E48 /* de */ = {isa = PBXFileReference; lastKnownFileType = text.plist.strings; name = de; path = de.lproj/Main.strings; sourceTree = "<group>"; };
		46DBD829FF23E5BAC038B071 /* Pods-Kext Updater.release.xcconfig */ = {isa = PBXFileReference; includeInIndex = 1; lastKnownFileType = text.xcconfig; name = "Pods-Kext Updater.release.xcconfig"; path = "Target Support Files/Pods-Kext Updater/Pods-Kext Updater.release.xcconfig"; sourceTree = "<group>"; };
		DE4B4A3712FD1CDFC277B6B5 /* Pods-Kext Updater.debug.xcconfig */ = {isa = PBXFileReference; includeInIndex = 1; lastKnownFileType = text.xcconfig; name = "Pods-Kext Updater.debug.xcconfig"; path = "Target Support Files/Pods-Kext Updater/Pods-Kext Updater.debug.xcconfig"; sourceTree = "<group>"; };
/* End PBXFileReference section */

/* Begin PBXFrameworksBuildPhase section */
		2AD86C4D2306B95200D2334A /* Frameworks */ = {
			isa = PBXFrameworksBuildPhase;
			buildActionMask = 2147483647;
			files = (
				BA8B3A01B90C8BB3DD0A8BA7 /* Pods_Kext_Updater.framework in Frameworks */,
			);
			runOnlyForDeploymentPostprocessing = 0;
		};
/* End PBXFrameworksBuildPhase section */

/* Begin PBXGroup section */
		2A0710BF2311459D00258F09 /* bashstrings */ = {
			isa = PBXGroup;
			children = (
				2A0710C02311459D00258F09 /* de.bashstrings */,
				2A0710C12311459D00258F09 /* en.bashstrings */,
			);
			path = bashstrings;
			sourceTree = "<group>";
		};
		2A30A809230BF81F00F572ED /* sounds */ = {
			isa = PBXGroup;
			children = (
				2A30A80A230BF81F00F572ED /* passok.aif */,
				2A30A80B230BF81F00F572ED /* quadra.mp3 */,
				2A30A80C230BF81F00F572ED /* done.mp3 */,
				2A30A80D230BF81F00F572ED /* pm52.mp3 */,
				2A30A80E230BF81F00F572ED /* quadradeath.mp3 */,
				2A30A80F230BF81F00F572ED /* error.aif */,
				2A30A810230BF81F00F572ED /* mq.mp3 */,
				2A30A811230BF81F00F572ED /* ta.mp3 */,
			);
			path = sounds;
			sourceTree = "<group>";
		};
		2A30A81A230BF83800F572ED /* pics */ = {
			isa = PBXGroup;
			children = (
				2A30A81B230BF83800F572ED /* locked.png */,
				2A30A81C230BF83800F572ED /* admin.png */,
			);
			path = pics;
			sourceTree = "<group>";
		};
		2A30A81F230BF84500F572ED /* kexts */ = {
			isa = PBXGroup;
			children = (
				2A30A820230BF84500F572ED /* lspci */,
				2A30A825230BF84500F572ED /* IO80211Family.kext */,
			);
			path = kexts;
			sourceTree = "<group>";
		};
		2A30A820230BF84500F572ED /* lspci */ = {
			isa = PBXGroup;
			children = (
				2A30A821230BF84500F572ED /* 10.11+12DirektHW.kext */,
				2A30A822230BF84500F572ED /* 10.13DirektHW.kext */,
				2A30A823230BF84500F572ED /* 10.14DirektHW.kext */,
				2A30A824230BF84500F572ED /* 10.10DirektHW.kext */,
			);
			path = lspci;
			sourceTree = "<group>";
		};
		2A30A82B230BF85400F572ED /* html */ = {
			isa = PBXGroup;
			children = (
				2A30A82C230BF85400F572ED /* report.html */,
			);
			path = html;
			sourceTree = "<group>";
		};
		2A4AF1572312A39200EDB9E4 /* anim */ = {
			isa = PBXGroup;
			children = (
				2A4AF15C2312A52300EDB9E4 /* progressanim-dark.png */,
				2A4AF1582312A39200EDB9E4 /* progressanim.png */,
			);
			path = anim;
			sourceTree = "<group>";
		};
		2AC197AE230A9DA30071932C /* script */ = {
			isa = PBXGroup;
			children = (
				2AC197AF230A9DBB0071932C /* script.command */,
			);
			path = script;
			sourceTree = "<group>";
		};
		2AC197B3230AC30C0071932C /* bin */ = {
			isa = PBXGroup;
			children = (
				2A4AF16C2314687F00EDB9E4 /* KUMenuBar.app */,
				2A90208C230FCB4A009E8D3D /* KUDaemon.app */,
				2AC197B4230AC30C0071932C /* lspci */,
				2AC197B7230AC30C0071932C /* alerter */,
				2AC197B8230AC30C0071932C /* PlistBuddy */,
				2AC197B9230AC30C0071932C /* BDMESG */,
			);
			path = bin;
			sourceTree = "<group>";
		};
		2AC197B4230AC30C0071932C /* lspci */ = {
			isa = PBXGroup;
			children = (
				2AC197B5230AC30C0071932C /* lspci */,
				2AC197B6230AC30C0071932C /* pci.ids */,
			);
			path = lspci;
			sourceTree = "<group>";
		};
		2AD86C472306B95200D2334A = {
			isa = PBXGroup;
			children = (
				2AD86C522306B95200D2334A /* Kext Updater */,
				2AD86C512306B95200D2334A /* Products */,
				8F20979384327AD46614B9C1 /* Pods */,
				30F5A55597F0A40AC20D3251 /* Frameworks */,
			);
			sourceTree = "<group>";
		};
		2AD86C512306B95200D2334A /* Products */ = {
			isa = PBXGroup;
			children = (
				2AD86C502306B95200D2334A /* Kext Updater.app */,
			);
			name = Products;
			sourceTree = "<group>";
		};
		2AD86C522306B95200D2334A /* Kext Updater */ = {
			isa = PBXGroup;
			children = (
				2A4AF1572312A39200EDB9E4 /* anim */,
				2A90208F230FCC2F009E8D3D /* Kext Updater.entitlements */,
				2A0710BF2311459D00258F09 /* bashstrings */,
				2AC197B3230AC30C0071932C /* bin */,
				2A30A82B230BF85400F572ED /* html */,
				2A30A81F230BF84500F572ED /* kexts */,
				2A30A81A230BF83800F572ED /* pics */,
				2AC197AE230A9DA30071932C /* script */,
				2A30A809230BF81F00F572ED /* sounds */,
				2AD86C532306B95200D2334A /* AppDelegate.swift */,
				2A30A848230C064400F572ED /* Bootloader.swift */,
				2ABA236A230EFAD9008D98C6 /* Changelog.swift */,
				2AC197CB230AE1820071932C /* DiskInformation.swift */,
				2AC197AA230A8D720071932C /* KextUpdater.swift */,
				2A30A807230BDB8300F572ED /* nVidiaWebdriver.swift */,
				2AF4AADC230B025000648E48 /* PasswordWindow.swift */,
				2A30A84A230C1D9E00F572ED /* Preferences.swift */,
				2AC197AC230A9C920071932C /* SingleKexts.swift */,
				2AF4AADE230C4DF300648E48 /* Tools.swift */,
				2AD86C552306B95200D2334A /* ViewController.swift */,
				2A30A856230E773D00F572ED /* Website.swift */,
				2AD86C572306B95400D2334A /* Assets.xcassets */,
				2AD86C592306B95400D2334A /* Main.storyboard */,
				2A2D310F2311730000CC6F1A /* kextupdaterng.html */,
				2AD86C5C2306B95400D2334A /* Info.plist */,
				2AD86C5D2306B95400D2334A /* Kext_Updater.entitlements */,
			);
			path = "Kext Updater";
			sourceTree = "<group>";
		};
		30F5A55597F0A40AC20D3251 /* Frameworks */ = {
			isa = PBXGroup;
			children = (
				0C5D5D937C85C2B691139CC4 /* Pods_Kext_Updater.framework */,
			);
			name = Frameworks;
			sourceTree = "<group>";
		};
		8F20979384327AD46614B9C1 /* Pods */ = {
			isa = PBXGroup;
			children = (
				DE4B4A3712FD1CDFC277B6B5 /* Pods-Kext Updater.debug.xcconfig */,
				46DBD829FF23E5BAC038B071 /* Pods-Kext Updater.release.xcconfig */,
			);
			path = Pods;
			sourceTree = "<group>";
		};
/* End PBXGroup section */

/* Begin PBXNativeTarget section */
		2AD86C4F2306B95200D2334A /* Kext Updater */ = {
			isa = PBXNativeTarget;
			buildConfigurationList = 2AD86C602306B95400D2334A /* Build configuration list for PBXNativeTarget "Kext Updater" */;
			buildPhases = (
				FE4D48A38C2589997AA6E614 /* [CP] Check Pods Manifest.lock */,
				2AD86C4C2306B95200D2334A /* Sources */,
				2AD86C4E2306B95200D2334A /* Resources */,
				2AD86C4D2306B95200D2334A /* Frameworks */,
				1125763990DA553786F62E29 /* [CP] Embed Pods Frameworks */,
				2A0710C4231145B100258F09 /* Copy Bash Strings */,
				2AC197B1230A9DFD0071932C /* Script Copy */,
				2AC197C1230AC3350071932C /* Bin Copy */,
				2AC197C6230AC35E0071932C /* Bin LSPCI Copy */,
				2A30A82E230BF8EE00F572ED /* HTML Copy */,
				2A30A854230D6F5D00F572ED /* Kexts Copy IO */,
				2A30A830230BF90600F572ED /* Kextx Copy */,
				2A30A836230BF93300F572ED /* Pics Copy */,
				2A30A839230BF95200F572ED /* Sounds Copy */,
				2A4AF15A2312A39F00EDB9E4 /* Anim Copy */,
				2A4AF1542311B98500EDB9E4 /* Zip App and send to Homeshare */,
				2AF4AAE6230DC4C200648E48 /* Zip App and send to Homeshare Test */,
			);
			buildRules = (
			);
			dependencies = (
			);
			name = "Kext Updater";
			productName = "Kext Updater";
			productReference = 2AD86C502306B95200D2334A /* Kext Updater.app */;
			productType = "com.apple.product-type.application";
		};
/* End PBXNativeTarget section */

/* Begin PBXProject section */
		2AD86C482306B95200D2334A /* Project object */ = {
			isa = PBXProject;
			attributes = {
				LastSwiftUpdateCheck = 1020;
				LastUpgradeCheck = 1030;
				ORGANIZATIONNAME = "Sascha Lamprecht";
				TargetAttributes = {
					2AD86C4F2306B95200D2334A = {
						CreatedOnToolsVersion = 10.2.1;
						SystemCapabilities = {
							com.apple.ApplicationGroups.Mac = {
								enabled = 0;
							};
							com.apple.Sandbox = {
								enabled = 0;
							};
						};
					};
				};
			};
			buildConfigurationList = 2AD86C4B2306B95200D2334A /* Build configuration list for PBXProject "Kext Updater" */;
			compatibilityVersion = "Xcode 9.3";
			developmentRegion = en;
			hasScannedForEncodings = 0;
			knownRegions = (
				en,
				Base,
				de,
			);
			mainGroup = 2AD86C472306B95200D2334A;
			productRefGroup = 2AD86C512306B95200D2334A /* Products */;
			projectDirPath = "";
			projectRoot = "";
			targets = (
				2AD86C4F2306B95200D2334A /* Kext Updater */,
			);
		};
/* End PBXProject section */

/* Begin PBXResourcesBuildPhase section */
		2AD86C4E2306B95200D2334A /* Resources */ = {
			isa = PBXResourcesBuildPhase;
			buildActionMask = 2147483647;
			files = (
				2A4AF15F2312A94300EDB9E4 /* Main.storyboard in Resources */,
				2A4AF16D2314687F00EDB9E4 /* KUMenuBar.app in Resources */,
				2AD86C582306B95400D2334A /* Assets.xcassets in Resources */,
			);
			runOnlyForDeploymentPostprocessing = 0;
		};
/* End PBXResourcesBuildPhase section */

/* Begin PBXShellScriptBuildPhase section */
		1125763990DA553786F62E29 /* [CP] Embed Pods Frameworks */ = {
			isa = PBXShellScriptBuildPhase;
			buildActionMask = 2147483647;
			files = (
			);
			inputFileListPaths = (
				"${PODS_ROOT}/Target Support Files/Pods-Kext Updater/Pods-Kext Updater-frameworks-${CONFIGURATION}-input-files.xcfilelist",
			);
			name = "[CP] Embed Pods Frameworks";
			outputFileListPaths = (
				"${PODS_ROOT}/Target Support Files/Pods-Kext Updater/Pods-Kext Updater-frameworks-${CONFIGURATION}-output-files.xcfilelist",
			);
			runOnlyForDeploymentPostprocessing = 0;
			shellPath = /bin/sh;
			shellScript = "\"${PODS_ROOT}/Target Support Files/Pods-Kext Updater/Pods-Kext Updater-frameworks.sh\"\n";
			showEnvVarsInLog = 0;
		};
		2A4AF1542311B98500EDB9E4 /* Zip App and send to Homeshare */ = {
			isa = PBXShellScriptBuildPhase;
			buildActionMask = 2147483647;
			files = (
			);
			inputFileListPaths = (
			);
			inputPaths = (
			);
			name = "Zip App and send to Homeshare";
			outputFileListPaths = (
			);
			outputPaths = (
			);
			runOnlyForDeploymentPostprocessing = 0;
			shellPath = /bin/bash;
			shellScript = "# Type a script or drag a script file from your workspace to insert its path.\ncp -r \"${TARGET_BUILD_DIR}\"/Kext\\ Updater.app /Applications/\nif [ -d /Volumes/Homeshare/kextupdater ]; then\ncp \"/Users/luigi/Documents/kextupdater/Kext Updater/kextupdaterng.html\" \"/Volumes/Homeshare/kextupdater/upload/kextupdaterng.html\"\nrm /Volumes/Homeshare/kextupdater/upload/kextupdaterng.zip 2> /dev/null\ncd /Applications\nditto -c -k --sequesterRsrc --keepParent Kext\\ Updater.app /Volumes/Homeshare/kextupdater/upload/kextupdaterng.zip\nfi\n";
		};
		2AF4AAE6230DC4C200648E48 /* Zip App and send to Homeshare Test */ = {
			isa = PBXShellScriptBuildPhase;
			buildActionMask = 8;
			files = (
			);
			inputFileListPaths = (
			);
			inputPaths = (
			);
			name = "Zip App and send to Homeshare Test";
			outputFileListPaths = (
			);
			outputPaths = (
			);
			runOnlyForDeploymentPostprocessing = 1;
			shellPath = /bin/bash;
			shellScript = "# Type a script or drag a script file from your workspace to insert its path.\ncp -r \"${TARGET_BUILD_DIR}\"/Kext\\ Updater.app /Applications/\nif [ -d /Volumes/Homeshare/kextupdater ]; then\n    cp \"/Users/luigi/Documents/kextupdater/Kext Updater/kextupdaterng.html\" \"/Volumes/Homeshare/kextupdater/upload2/kextupdaterng.html\"\n    rm /Volumes/Homeshare/kextupdater/upload2/kextupdaterng.zip 2> /dev/null\n    cd /Applications\n    ditto -c -k --sequesterRsrc --keepParent Kext\\ Updater.app /Volumes/Homeshare/kextupdater/upload2/kextupdaterng2.zip\nfi\n";
		};
		FE4D48A38C2589997AA6E614 /* [CP] Check Pods Manifest.lock */ = {
			isa = PBXShellScriptBuildPhase;
			buildActionMask = 2147483647;
			files = (
			);
			inputFileListPaths = (
			);
			inputPaths = (
				"${PODS_PODFILE_DIR_PATH}/Podfile.lock",
				"${PODS_ROOT}/Manifest.lock",
			);
			name = "[CP] Check Pods Manifest.lock";
			outputFileListPaths = (
			);
			outputPaths = (
				"$(DERIVED_FILE_DIR)/Pods-Kext Updater-checkManifestLockResult.txt",
			);
			runOnlyForDeploymentPostprocessing = 0;
			shellPath = /bin/sh;
			shellScript = "diff \"${PODS_PODFILE_DIR_PATH}/Podfile.lock\" \"${PODS_ROOT}/Manifest.lock\" > /dev/null\nif [ $? != 0 ] ; then\n    # print error to STDERR\n    echo \"error: The sandbox is not in sync with the Podfile.lock. Run 'pod install' or update your CocoaPods installation.\" >&2\n    exit 1\nfi\n# This output is used by Xcode 'outputs' to avoid re-running this script phase.\necho \"SUCCESS\" > \"${SCRIPT_OUTPUT_FILE_0}\"\n";
			showEnvVarsInLog = 0;
		};
/* End PBXShellScriptBuildPhase section */

/* Begin PBXSourcesBuildPhase section */
		2AD86C4C2306B95200D2334A /* Sources */ = {
			isa = PBXSourcesBuildPhase;
			buildActionMask = 2147483647;
			files = (
				2AD86C562306B95200D2334A /* ViewController.swift in Sources */,
				2AC197AD230A9C920071932C /* SingleKexts.swift in Sources */,
				2ABA236B230EFAD9008D98C6 /* Changelog.swift in Sources */,
				2AC197CC230AE1820071932C /* DiskInformation.swift in Sources */,
				2AD86C542306B95200D2334A /* AppDelegate.swift in Sources */,
				2A30A808230BDB8300F572ED /* nVidiaWebdriver.swift in Sources */,
				2AF4AADD230B025000648E48 /* PasswordWindow.swift in Sources */,
				2A30A849230C064400F572ED /* Bootloader.swift in Sources */,
				2AC197AB230A8D720071932C /* KextUpdater.swift in Sources */,
				2A30A84B230C1D9E00F572ED /* Preferences.swift in Sources */,
				2AF4AADF230C4DF300648E48 /* Tools.swift in Sources */,
				2A30A857230E773D00F572ED /* Website.swift in Sources */,
			);
			runOnlyForDeploymentPostprocessing = 0;
		};
/* End PBXSourcesBuildPhase section */

/* Begin PBXVariantGroup section */
		2AD86C592306B95400D2334A /* Main.storyboard */ = {
			isa = PBXVariantGroup;
			children = (
				2AD86C5A2306B95400D2334A /* Base */,
				2AF4AAE1230DA60300648E48 /* en */,
				2AF4AAE2230DA62C00648E48 /* de */,
			);
			name = Main.storyboard;
			sourceTree = "<group>";
		};
/* End PBXVariantGroup section */

/* Begin XCBuildConfiguration section */
		2AD86C5E2306B95400D2334A /* Debug */ = {
			isa = XCBuildConfiguration;
			buildSettings = {
				ALWAYS_SEARCH_USER_PATHS = NO;
				CLANG_ANALYZER_LOCALIZABILITY_NONLOCALIZED = YES;
				CLANG_ANALYZER_NONNULL = YES;
				CLANG_ANALYZER_NUMBER_OBJECT_CONVERSION = YES_AGGRESSIVE;
				CLANG_CXX_LANGUAGE_STANDARD = "gnu++14";
				CLANG_CXX_LIBRARY = "libc++";
				CLANG_ENABLE_MODULES = YES;
				CLANG_ENABLE_OBJC_ARC = YES;
				CLANG_ENABLE_OBJC_WEAK = YES;
				CLANG_WARN_BLOCK_CAPTURE_AUTORELEASING = YES;
				CLANG_WARN_BOOL_CONVERSION = YES;
				CLANG_WARN_COMMA = YES;
				CLANG_WARN_CONSTANT_CONVERSION = YES;
				CLANG_WARN_DEPRECATED_OBJC_IMPLEMENTATIONS = YES;
				CLANG_WARN_DIRECT_OBJC_ISA_USAGE = YES_ERROR;
				CLANG_WARN_DOCUMENTATION_COMMENTS = YES;
				CLANG_WARN_EMPTY_BODY = YES;
				CLANG_WARN_ENUM_CONVERSION = YES;
				CLANG_WARN_INFINITE_RECURSION = YES;
				CLANG_WARN_INT_CONVERSION = YES;
				CLANG_WARN_NON_LITERAL_NULL_CONVERSION = YES;
				CLANG_WARN_OBJC_IMPLICIT_RETAIN_SELF = YES;
				CLANG_WARN_OBJC_LITERAL_CONVERSION = YES;
				CLANG_WARN_OBJC_ROOT_CLASS = YES_ERROR;
				CLANG_WARN_RANGE_LOOP_ANALYSIS = YES;
				CLANG_WARN_STRICT_PROTOTYPES = YES;
				CLANG_WARN_SUSPICIOUS_MOVE = YES;
				CLANG_WARN_UNGUARDED_AVAILABILITY = YES_AGGRESSIVE;
				CLANG_WARN_UNREACHABLE_CODE = YES;
				CLANG_WARN__DUPLICATE_METHOD_MATCH = YES;
				CODE_SIGN_IDENTITY = "";
				COPY_PHASE_STRIP = NO;
				DEBUG_INFORMATION_FORMAT = dwarf;
				DEVELOPMENT_TEAM = "";
				ENABLE_STRICT_OBJC_MSGSEND = YES;
				ENABLE_TESTABILITY = NO;
				GCC_C_LANGUAGE_STANDARD = gnu11;
				GCC_DYNAMIC_NO_PIC = NO;
				GCC_NO_COMMON_BLOCKS = YES;
				GCC_OPTIMIZATION_LEVEL = 0;
				GCC_PREPROCESSOR_DEFINITIONS = (
					"DEBUG=1",
					"$(inherited)",
				);
				GCC_WARN_64_TO_32_BIT_CONVERSION = YES;
				GCC_WARN_ABOUT_RETURN_TYPE = YES_ERROR;
				GCC_WARN_UNDECLARED_SELECTOR = YES;
				GCC_WARN_UNINITIALIZED_AUTOS = YES_AGGRESSIVE;
				GCC_WARN_UNUSED_FUNCTION = YES;
				GCC_WARN_UNUSED_VARIABLE = YES;
				MACOSX_DEPLOYMENT_TARGET = 10.10;
				MTL_ENABLE_DEBUG_INFO = INCLUDE_SOURCE;
				MTL_FAST_MATH = YES;
				ONLY_ACTIVE_ARCH = NO;
				SDKROOT = macosx;
				SWIFT_ACTIVE_COMPILATION_CONDITIONS = DEBUG;
				SWIFT_OPTIMIZATION_LEVEL = "-Onone";
				VALID_ARCHS = x86_64;
			};
			name = Debug;
		};
		2AD86C5F2306B95400D2334A /* Release */ = {
			isa = XCBuildConfiguration;
			buildSettings = {
				ALWAYS_SEARCH_USER_PATHS = NO;
				CLANG_ANALYZER_LOCALIZABILITY_NONLOCALIZED = YES;
				CLANG_ANALYZER_NONNULL = YES;
				CLANG_ANALYZER_NUMBER_OBJECT_CONVERSION = YES_AGGRESSIVE;
				CLANG_CXX_LANGUAGE_STANDARD = "gnu++14";
				CLANG_CXX_LIBRARY = "libc++";
				CLANG_ENABLE_MODULES = YES;
				CLANG_ENABLE_OBJC_ARC = YES;
				CLANG_ENABLE_OBJC_WEAK = YES;
				CLANG_WARN_BLOCK_CAPTURE_AUTORELEASING = YES;
				CLANG_WARN_BOOL_CONVERSION = YES;
				CLANG_WARN_COMMA = YES;
				CLANG_WARN_CONSTANT_CONVERSION = YES;
				CLANG_WARN_DEPRECATED_OBJC_IMPLEMENTATIONS = YES;
				CLANG_WARN_DIRECT_OBJC_ISA_USAGE = YES_ERROR;
				CLANG_WARN_DOCUMENTATION_COMMENTS = YES;
				CLANG_WARN_EMPTY_BODY = YES;
				CLANG_WARN_ENUM_CONVERSION = YES;
				CLANG_WARN_INFINITE_RECURSION = YES;
				CLANG_WARN_INT_CONVERSION = YES;
				CLANG_WARN_NON_LITERAL_NULL_CONVERSION = YES;
				CLANG_WARN_OBJC_IMPLICIT_RETAIN_SELF = YES;
				CLANG_WARN_OBJC_LITERAL_CONVERSION = YES;
				CLANG_WARN_OBJC_ROOT_CLASS = YES_ERROR;
				CLANG_WARN_RANGE_LOOP_ANALYSIS = YES;
				CLANG_WARN_STRICT_PROTOTYPES = YES;
				CLANG_WARN_SUSPICIOUS_MOVE = YES;
				CLANG_WARN_UNGUARDED_AVAILABILITY = YES_AGGRESSIVE;
				CLANG_WARN_UNREACHABLE_CODE = YES;
				CLANG_WARN__DUPLICATE_METHOD_MATCH = YES;
				CODE_SIGN_IDENTITY = "";
				COPY_PHASE_STRIP = NO;
				DEBUG_INFORMATION_FORMAT = "dwarf-with-dsym";
				DEVELOPMENT_TEAM = "";
				ENABLE_NS_ASSERTIONS = NO;
				ENABLE_STRICT_OBJC_MSGSEND = YES;
				ENABLE_TESTABILITY = NO;
				GCC_C_LANGUAGE_STANDARD = gnu11;
				GCC_NO_COMMON_BLOCKS = YES;
				GCC_WARN_64_TO_32_BIT_CONVERSION = YES;
				GCC_WARN_ABOUT_RETURN_TYPE = YES_ERROR;
				GCC_WARN_UNDECLARED_SELECTOR = YES;
				GCC_WARN_UNINITIALIZED_AUTOS = YES_AGGRESSIVE;
				GCC_WARN_UNUSED_FUNCTION = YES;
				GCC_WARN_UNUSED_VARIABLE = YES;
				MACOSX_DEPLOYMENT_TARGET = 10.10;
				MTL_ENABLE_DEBUG_INFO = NO;
				MTL_FAST_MATH = YES;
				ONLY_ACTIVE_ARCH = YES;
				SDKROOT = macosx;
				SWIFT_COMPILATION_MODE = wholemodule;
				SWIFT_OPTIMIZATION_LEVEL = "-O";
				VALID_ARCHS = x86_64;
			};
			name = Release;
		};
		2AD86C612306B95400D2334A /* Debug */ = {
			isa = XCBuildConfiguration;
			baseConfigurationReference = DE4B4A3712FD1CDFC277B6B5 /* Pods-Kext Updater.debug.xcconfig */;
			buildSettings = {
				ASSETCATALOG_COMPILER_APPICON_NAME = AppIcon;
				CODE_SIGN_ENTITLEMENTS = "Kext Updater/Kext Updater.entitlements";
				CODE_SIGN_IDENTITY = "";
				CODE_SIGN_INJECT_BASE_ENTITLEMENTS = NO;
				CODE_SIGN_STYLE = Manual;
				COMBINE_HIDPI_IMAGES = YES;
				DEVELOPMENT_TEAM = "";
				INFOPLIST_FILE = "Kext Updater/Info.plist";
				LD_RUNPATH_SEARCH_PATHS = (
					"$(inherited)",
					"@executable_path/../Frameworks",
				);
				PRODUCT_BUNDLE_IDENTIFIER = kextupdater.slsoft.de;
				PRODUCT_NAME = "$(TARGET_NAME)";
				PROVISIONING_PROFILE_SPECIFIER = "";
				SWIFT_VERSION = 5.0;
			};
			name = Debug;
		};
		2AD86C622306B95400D2334A /* Release */ = {
			isa = XCBuildConfiguration;
			baseConfigurationReference = 46DBD829FF23E5BAC038B071 /* Pods-Kext Updater.release.xcconfig */;
			buildSettings = {
				ASSETCATALOG_COMPILER_APPICON_NAME = AppIcon;
				CODE_SIGN_ENTITLEMENTS = "Kext Updater/Kext Updater.entitlements";
				CODE_SIGN_IDENTITY = "";
				CODE_SIGN_INJECT_BASE_ENTITLEMENTS = NO;
				CODE_SIGN_STYLE = Manual;
				COMBINE_HIDPI_IMAGES = YES;
				DEVELOPMENT_TEAM = "";
				INFOPLIST_FILE = "Kext Updater/Info.plist";
				LD_RUNPATH_SEARCH_PATHS = (
					"$(inherited)",
					"@executable_path/../Frameworks",
				);
				PRODUCT_BUNDLE_IDENTIFIER = kextupdater.slsoft.de;
				PRODUCT_NAME = "$(TARGET_NAME)";
				PROVISIONING_PROFILE_SPECIFIER = "";
				SWIFT_VERSION = 5.0;
			};
			name = Release;
		};
/* End XCBuildConfiguration section */

/* Begin XCConfigurationList section */
		2AD86C4B2306B95200D2334A /* Build configuration list for PBXProject "Kext Updater" */ = {
			isa = XCConfigurationList;
			buildConfigurations = (
				2AD86C5E2306B95400D2334A /* Debug */,
				2AD86C5F2306B95400D2334A /* Release */,
			);
			defaultConfigurationIsVisible = 0;
			defaultConfigurationName = Release;
		};
		2AD86C602306B95400D2334A /* Build configuration list for PBXNativeTarget "Kext Updater" */ = {
			isa = XCConfigurationList;
			buildConfigurations = (
				2AD86C612306B95400D2334A /* Debug */,
				2AD86C622306B95400D2334A /* Release */,
			);
			defaultConfigurationIsVisible = 0;
			defaultConfigurationName = Release;
		};
/* End XCConfigurationList section */
	};
	rootObject = 2AD86C482306B95200D2334A /* Project object */;
}
